
Microsoft Visual Studio Solution File, Format Version 12.00
# Visual Studio Version 17
VisualStudioVersion = 17.5.002.0
MinimumVisualStudioVersion = 10.0.40219.1
Project("{9A19103F-16F7-4668-BE54-9A1E7A4F7556}") = "c#", "c#\c#.csproj", "{E827A4D6-EE1D-42DE-A0E1-A226A4D9CAA2}"
EndProject
Global
	GlobalSection(SolutionConfigurationPlatforms) = preSolution
		Debug|Any CPU = Debug|Any CPU
		Release|Any CPU = Release|Any CPU
	EndGlobalSection
	GlobalSection(ProjectConfigurationPlatforms) = postSolution
		{E827A4D6-EE1D-42DE-A0E1-A226A4D9CAA2}.Debug|Any CPU.ActiveCfg = Debug|Any CPU
		{E827A4D6-EE1D-42DE-A0E1-A226A4D9CAA2}.Debug|Any CPU.Build.0 = Debug|Any CPU
		{E827A4D6-EE1D-42DE-A0E1-A226A4D9CAA2}.Release|Any CPU.ActiveCfg = Release|Any CPU
		{E827A4D6-EE1D-42DE-A0E1-A226A4D9CAA2}.Release|Any CPU.Build.0 = Release|Any CPU
	EndGlobalSection
	GlobalSection(SolutionProperties) = preSolution
		HideSolutionNode = FALSE
	EndGlobalSection
	GlobalSection(ExtensibilityGlobals) = postSolution
		SolutionGuid = {B3FFBCA0-3273-4E7B-893B-4F7C8B623B60}
	EndGlobalSection
EndGlobal
